
Microsoft Visual Studio Solution File, Format Version 12.00
# Visual Studio Version 16
VisualStudioVersion = 16.0.32126.315
MinimumVisualStudioVersion = 10.0.40219.1
Project("{FAE04EC0-301F-11D3-BF4B-00C04F79EFBC}") = "StudyLog", "StudyLog\StudyLog.csproj", "{E66B485F-0E65-4B3F-91F0-0053E1B2A59D}"
EndProject
Project("{FAE04EC0-301F-11D3-BF4B-00C04F79EFBC}") = "FreeNet", "PortfolioNet\FreeNet.csproj", "{34DE68B6-3192-4D1F-A90E-1690FA9D817F}"
EndProject
Global
	GlobalSection(SolutionConfigurationPlatforms) = preSolution
		Debug|Any CPU = Debug|Any CPU
		Release|Any CPU = Release|Any CPU
	EndGlobalSection
	GlobalSection(ProjectConfigurationPlatforms) = postSolution
		{E66B485F-0E65-4B3F-91F0-0053E1B2A59D}.Debug|Any CPU.ActiveCfg = Debug|Any CPU
		{E66B485F-0E65-4B3F-91F0-0053E1B2A59D}.Debug|Any CPU.Build.0 = Debug|Any CPU
		{E66B485F-0E65-4B3F-91F0-0053E1B2A59D}.Release|Any CPU.ActiveCfg = Release|Any CPU
		{E66B485F-0E65-4B3F-91F0-0053E1B2A59D}.Release|Any CPU.Build.0 = Release|Any CPU
		{34DE68B6-3192-4D1F-A90E-1690FA9D817F}.Debug|Any CPU.ActiveCfg = Debug|Any CPU
		{34DE68B6-3192-4D1F-A90E-1690FA9D817F}.Debug|Any CPU.Build.0 = Debug|Any CPU
		{34DE68B6-3192-4D1F-A90E-1690FA9D817F}.Release|Any CPU.ActiveCfg = Release|Any CPU
		{34DE68B6-3192-4D1F-A90E-1690FA9D817F}.Release|Any CPU.Build.0 = Release|Any CPU
	EndGlobalSection
	GlobalSection(SolutionProperties) = preSolution
		HideSolutionNode = FALSE
	EndGlobalSection
	GlobalSection(ExtensibilityGlobals) = postSolution
		SolutionGuid = {0F25D80C-B499-43E5-A0F3-12E4B5E91987}
	EndGlobalSection
EndGlobal
